Microsoft Visual Studio Solution File, Format Version 12.00
# Visual Studio Version 17
VisualStudioVersion = 17.5.2.0
MinimumVisualStudioVersion = 10.0.40219.1
Project("{FAE04EC0-301F-11D3-BF4B-00C04F79EFBC}") = "TestingMethods", "TestingMethods\TestingMethods.csproj", "{5A4419AD-55D8-CFD8-4811-038DD5258887}"
EndProject
Global
	GlobalSection(SolutionConfigurationPlatforms) = preSolution
		Debug|Any CPU = Debug|Any CPU
		Release|Any CPU = Release|Any CPU
	EndGlobalSection
	GlobalSection(ProjectConfigurationPlatforms) = postSolution
		{5A4419AD-55D8-CFD8-4811-038DD5258887}.Debug|Any CPU.ActiveCfg = Debug|Any CPU
		{5A4419AD-55D8-CFD8-4811-038DD5258887}.Debug|Any CPU.Build.0 = Debug|Any CPU
		{5A4419AD-55D8-CFD8-4811-038DD5258887}.Release|Any CPU.ActiveCfg = Release|Any CPU
		{5A4419AD-55D8-CFD8-4811-038DD5258887}.Release|Any CPU.Build.0 = Release|Any CPU
	EndGlobalSection
	GlobalSection(SolutionProperties) = preSolution
		HideSolutionNode = FALSE
	EndGlobalSection
	GlobalSection(ExtensibilityGlobals) = postSolution
		SolutionGuid = {E38BBA14-F733-4CB2-A990-BD1D6F0C6670}
	EndGlobalSection
EndGlobal
