Microsoft Visual Studio Solution File, Format Version 12.00
# Visual Studio Version 17
VisualStudioVersion = 17.5.2.0
MinimumVisualStudioVersion = 10.0.40219.1
Project("{FAE04EC0-301F-11D3-BF4B-00C04F79EFBC}") = "BooleanExpressions", "BooleanExpressions.csproj", "{707439A1-ADAB-7255-FDCC-7E49C5F578C1}"
EndProject
Global
	GlobalSection(SolutionConfigurationPlatforms) = preSolution
		Debug|Any CPU = Debug|Any CPU
		Release|Any CPU = Release|Any CPU
	EndGlobalSection
	GlobalSection(ProjectConfigurationPlatforms) = postSolution
		{707439A1-ADAB-7255-FDCC-7E49C5F578C1}.Debug|Any CPU.ActiveCfg = Debug|Any CPU
		{707439A1-ADAB-7255-FDCC-7E49C5F578C1}.Debug|Any CPU.Build.0 = Debug|Any CPU
		{707439A1-ADAB-7255-FDCC-7E49C5F578C1}.Release|Any CPU.ActiveCfg = Release|Any CPU
		{707439A1-ADAB-7255-FDCC-7E49C5F578C1}.Release|Any CPU.Build.0 = Release|Any CPU
	EndGlobalSection
	GlobalSection(SolutionProperties) = preSolution
		HideSolutionNode = FALSE
	EndGlobalSection
	GlobalSection(ExtensibilityGlobals) = postSolution
		SolutionGuid = {A2B7E6CB-0C4B-4658-A294-042FF0C1C5CD}
	EndGlobalSection
EndGlobal
