Microsoft Visual Studio Solution File, Format Version 12.00
# Visual Studio Version 17
VisualStudioVersion = 17.5.2.0
MinimumVisualStudioVersion = 10.0.40219.1
Project("{FAE04EC0-301F-11D3-BF4B-00C04F79EFBC}") = "RenewalRateOfSubscriptions", "RenewalRateOfSubscriptions.csproj", "{AACC7BC6-1B5C-1331-2641-90D18A16E5B9}"
EndProject
Global
	GlobalSection(SolutionConfigurationPlatforms) = preSolution
		Debug|Any CPU = Debug|Any CPU
		Release|Any CPU = Release|Any CPU
	EndGlobalSection
	GlobalSection(ProjectConfigurationPlatforms) = postSolution
		{AACC7BC6-1B5C-1331-2641-90D18A16E5B9}.Debug|Any CPU.ActiveCfg = Debug|Any CPU
		{AACC7BC6-1B5C-1331-2641-90D18A16E5B9}.Debug|Any CPU.Build.0 = Debug|Any CPU
		{AACC7BC6-1B5C-1331-2641-90D18A16E5B9}.Release|Any CPU.ActiveCfg = Release|Any CPU
		{AACC7BC6-1B5C-1331-2641-90D18A16E5B9}.Release|Any CPU.Build.0 = Release|Any CPU
	EndGlobalSection
	GlobalSection(SolutionProperties) = preSolution
		HideSolutionNode = FALSE
	EndGlobalSection
	GlobalSection(ExtensibilityGlobals) = postSolution
		SolutionGuid = {995D1DA7-707F-4967-820F-9B6F1180CF3D}
	EndGlobalSection
EndGlobal
