Microsoft Visual Studio Solution File, Format Version 12.00
# Visual Studio Version 17
VisualStudioVersion = 17.5.2.0
MinimumVisualStudioVersion = 10.0.40219.1
Project("{FAE04EC0-301F-11D3-BF4B-00C04F79EFBC}") = "SwitchStatements", "SwitchStatements.csproj", "{98FBFD88-3559-B74F-BC6A-B32F87BF27B5}"
EndProject
Global
	GlobalSection(SolutionConfigurationPlatforms) = preSolution
		Debug|Any CPU = Debug|Any CPU
		Release|Any CPU = Release|Any CPU
	EndGlobalSection
	GlobalSection(ProjectConfigurationPlatforms) = postSolution
		{98FBFD88-3559-B74F-BC6A-B32F87BF27B5}.Debug|Any CPU.ActiveCfg = Debug|Any CPU
		{98FBFD88-3559-B74F-BC6A-B32F87BF27B5}.Debug|Any CPU.Build.0 = Debug|Any CPU
		{98FBFD88-3559-B74F-BC6A-B32F87BF27B5}.Release|Any CPU.ActiveCfg = Release|Any CPU
		{98FBFD88-3559-B74F-BC6A-B32F87BF27B5}.Release|Any CPU.Build.0 = Release|Any CPU
	EndGlobalSection
	GlobalSection(SolutionProperties) = preSolution
		HideSolutionNode = FALSE
	EndGlobalSection
	GlobalSection(ExtensibilityGlobals) = postSolution
		SolutionGuid = {AABF3E61-21F6-4F0E-ABF2-99CB727155FE}
	EndGlobalSection
EndGlobal
