Microsoft Visual Studio Solution File, Format Version 12.00
# Visual Studio Version 17
VisualStudioVersion = 17.5.2.0
MinimumVisualStudioVersion = 10.0.40219.1
Project("{FAE04EC0-301F-11D3-BF4B-00C04F79EFBC}") = "ForLoops", "ForLoops.csproj", "{8AAE385C-2670-4F97-143C-BCFC0EE448C6}"
EndProject
Global
	GlobalSection(SolutionConfigurationPlatforms) = preSolution
		Debug|Any CPU = Debug|Any CPU
		Release|Any CPU = Release|Any CPU
	EndGlobalSection
	GlobalSection(ProjectConfigurationPlatforms) = postSolution
		{8AAE385C-2670-4F97-143C-BCFC0EE448C6}.Debug|Any CPU.ActiveCfg = Debug|Any CPU
		{8AAE385C-2670-4F97-143C-BCFC0EE448C6}.Debug|Any CPU.Build.0 = Debug|Any CPU
		{8AAE385C-2670-4F97-143C-BCFC0EE448C6}.Release|Any CPU.ActiveCfg = Release|Any CPU
		{8AAE385C-2670-4F97-143C-BCFC0EE448C6}.Release|Any CPU.Build.0 = Release|Any CPU
	EndGlobalSection
	GlobalSection(SolutionProperties) = preSolution
		HideSolutionNode = FALSE
	EndGlobalSection
	GlobalSection(ExtensibilityGlobals) = postSolution
		SolutionGuid = {AA2EF302-2B6E-4215-A8D8-D3D150282EFD}
	EndGlobalSection
EndGlobal
